
Microsoft Visual Studio Solution File, Format Version 12.00
# Visual Studio Version 17
VisualStudioVersion = 17.1.32328.378
MinimumVisualStudioVersion = 10.0.40219.1
Project("{FAE04EC0-301F-11D3-BF4B-00C04F79EFBC}") = "RedisExample", "RedisExample\RedisExample.csproj", "{7BA6F4E5-07A6-46B4-83C8-AA6D6BC1C00B}"
EndProject
Global
	GlobalSection(SolutionConfigurationPlatforms) = preSolution
		Debug|Any CPU = Debug|Any CPU
		Release|Any CPU = Release|Any CPU
	EndGlobalSection
	GlobalSection(ProjectConfigurationPlatforms) = postSolution
		{7BA6F4E5-07A6-46B4-83C8-AA6D6BC1C00B}.Debug|Any CPU.ActiveCfg = Debug|Any CPU
		{7BA6F4E5-07A6-46B4-83C8-AA6D6BC1C00B}.Debug|Any CPU.Build.0 = Debug|Any CPU
		{7BA6F4E5-07A6-46B4-83C8-AA6D6BC1C00B}.Release|Any CPU.ActiveCfg = Release|Any CPU
		{7BA6F4E5-07A6-46B4-83C8-AA6D6BC1C00B}.Release|Any CPU.Build.0 = Release|Any CPU
	EndGlobalSection
	GlobalSection(SolutionProperties) = preSolution
		HideSolutionNode = FALSE
	EndGlobalSection
	GlobalSection(ExtensibilityGlobals) = postSolution
		SolutionGuid = {7D705E1D-9FC4-478C-A1B4-E45D7249A08D}
	EndGlobalSection
EndGlobal
